
Microsoft Visual Studio Solution File, Format Version 12.00
# Visual Studio Version 17
VisualStudioVersion = 17.4.33205.214
MinimumVisualStudioVersion = 10.0.40219.1
Project("{9A19103F-16F7-4668-BE54-9A1E7A4F7556}") = "Template.Application", "Template.Application\Template.Application\Template.Application.csproj", "{16095EBB-573E-4052-86C3-5BA52E0CEEE8}"
EndProject
Project("{2150E333-8FDC-42A3-9474-1A3956D46DE8}") = "Template.Application", "Template.Application", "{23259889-7819-4023-A48F-2A2314278CBC}"
EndProject
Project("{FAE04EC0-301F-11D3-BF4B-00C04F79EFBC}") = "Template.Application.Tests", "Template.Application\Template.Application.Tests\Template.Application.Tests.csproj", "{134D8111-FBAC-4838-B676-F94B7FAAD338}"
EndProject
Project("{2150E333-8FDC-42A3-9474-1A3956D46DE8}") = "Template.Data", "Template.Data", "{F08F27A1-117E-4C79-9DB2-AEFA027AFDB4}"
EndProject
Project("{FAE04EC0-301F-11D3-BF4B-00C04F79EFBC}") = "Template.Data.EntityFrameworkCore", "Template.Data\Template.Data.EntityFrameworkCore\Template.Data.EntityFrameworkCore.csproj", "{DCDE0BD8-E66C-4B3D-854F-E11C7F678B31}"
EndProject
Project("{2150E333-8FDC-42A3-9474-1A3956D46DE8}") = "Template.Domain", "Template.Domain", "{BF51D2FD-7BC9-45FF-9AA6-9C42E44B92FE}"
EndProject
Project("{FAE04EC0-301F-11D3-BF4B-00C04F79EFBC}") = "Template.Domain.RelationalDatabase", "Template.Domain\Template.Domain.RelationalDatabase\Template.Domain.RelationalDatabase.csproj", "{55A82DFB-810B-4A66-8654-03899C79D729}"
EndProject
Project("{2150E333-8FDC-42A3-9474-1A3956D46DE8}") = "Template.Infrastructure", "Template.Infrastructure", "{D96EE729-404B-41DA-A3F2-DC2CC20D0979}"
EndProject
Project("{FAE04EC0-301F-11D3-BF4B-00C04F79EFBC}") = "Template.Infrastructure.Common", "Template.Infrastructure\Template.Infrastructure.Common\Template.Infrastructure.Common.csproj", "{C4916067-5B75-4502-A04C-37E88D9646BB}"
EndProject
Project("{FAE04EC0-301F-11D3-BF4B-00C04F79EFBC}") = "Template.Infrastructure.MailService", "Template.Infrastructure\Template.Infrastructure.MailService\Template.Infrastructure.MailService.csproj", "{43B07429-7AF7-4C7D-8A10-5E7B76CEC16B}"
EndProject
Global
	GlobalSection(SolutionConfigurationPlatforms) = preSolution
		Debug|Any CPU = Debug|Any CPU
		Release|Any CPU = Release|Any CPU
	EndGlobalSection
	GlobalSection(ProjectConfigurationPlatforms) = postSolution
		{16095EBB-573E-4052-86C3-5BA52E0CEEE8}.Debug|Any CPU.ActiveCfg = Debug|Any CPU
		{16095EBB-573E-4052-86C3-5BA52E0CEEE8}.Debug|Any CPU.Build.0 = Debug|Any CPU
		{16095EBB-573E-4052-86C3-5BA52E0CEEE8}.Release|Any CPU.ActiveCfg = Release|Any CPU
		{16095EBB-573E-4052-86C3-5BA52E0CEEE8}.Release|Any CPU.Build.0 = Release|Any CPU
		{134D8111-FBAC-4838-B676-F94B7FAAD338}.Debug|Any CPU.ActiveCfg = Debug|Any CPU
		{134D8111-FBAC-4838-B676-F94B7FAAD338}.Debug|Any CPU.Build.0 = Debug|Any CPU
		{134D8111-FBAC-4838-B676-F94B7FAAD338}.Release|Any CPU.ActiveCfg = Release|Any CPU
		{134D8111-FBAC-4838-B676-F94B7FAAD338}.Release|Any CPU.Build.0 = Release|Any CPU
		{DCDE0BD8-E66C-4B3D-854F-E11C7F678B31}.Debug|Any CPU.ActiveCfg = Debug|Any CPU
		{DCDE0BD8-E66C-4B3D-854F-E11C7F678B31}.Debug|Any CPU.Build.0 = Debug|Any CPU
		{DCDE0BD8-E66C-4B3D-854F-E11C7F678B31}.Release|Any CPU.ActiveCfg = Release|Any CPU
		{DCDE0BD8-E66C-4B3D-854F-E11C7F678B31}.Release|Any CPU.Build.0 = Release|Any CPU
		{55A82DFB-810B-4A66-8654-03899C79D729}.Debug|Any CPU.ActiveCfg = Debug|Any CPU
		{55A82DFB-810B-4A66-8654-03899C79D729}.Debug|Any CPU.Build.0 = Debug|Any CPU
		{55A82DFB-810B-4A66-8654-03899C79D729}.Release|Any CPU.ActiveCfg = Release|Any CPU
		{55A82DFB-810B-4A66-8654-03899C79D729}.Release|Any CPU.Build.0 = Release|Any CPU
		{C4916067-5B75-4502-A04C-37E88D9646BB}.Debug|Any CPU.ActiveCfg = Debug|Any CPU
		{C4916067-5B75-4502-A04C-37E88D9646BB}.Debug|Any CPU.Build.0 = Debug|Any CPU
		{C4916067-5B75-4502-A04C-37E88D9646BB}.Release|Any CPU.ActiveCfg = Release|Any CPU
		{C4916067-5B75-4502-A04C-37E88D9646BB}.Release|Any CPU.Build.0 = Release|Any CPU
		{43B07429-7AF7-4C7D-8A10-5E7B76CEC16B}.Debug|Any CPU.ActiveCfg = Debug|Any CPU
		{43B07429-7AF7-4C7D-8A10-5E7B76CEC16B}.Debug|Any CPU.Build.0 = Debug|Any CPU
		{43B07429-7AF7-4C7D-8A10-5E7B76CEC16B}.Release|Any CPU.ActiveCfg = Release|Any CPU
		{43B07429-7AF7-4C7D-8A10-5E7B76CEC16B}.Release|Any CPU.Build.0 = Release|Any CPU
	EndGlobalSection
	GlobalSection(SolutionProperties) = preSolution
		HideSolutionNode = FALSE
	EndGlobalSection
	GlobalSection(NestedProjects) = preSolution
		{16095EBB-573E-4052-86C3-5BA52E0CEEE8} = {23259889-7819-4023-A48F-2A2314278CBC}
		{134D8111-FBAC-4838-B676-F94B7FAAD338} = {23259889-7819-4023-A48F-2A2314278CBC}
		{DCDE0BD8-E66C-4B3D-854F-E11C7F678B31} = {F08F27A1-117E-4C79-9DB2-AEFA027AFDB4}
		{55A82DFB-810B-4A66-8654-03899C79D729} = {BF51D2FD-7BC9-45FF-9AA6-9C42E44B92FE}
		{C4916067-5B75-4502-A04C-37E88D9646BB} = {D96EE729-404B-41DA-A3F2-DC2CC20D0979}
		{43B07429-7AF7-4C7D-8A10-5E7B76CEC16B} = {D96EE729-404B-41DA-A3F2-DC2CC20D0979}
	EndGlobalSection
	GlobalSection(ExtensibilityGlobals) = postSolution
		SolutionGuid = {6FD81415-BEBD-4306-A770-7AAA6AE2FA1E}
	EndGlobalSection
EndGlobal
